
Microsoft Visual Studio Solution File, Format Version 12.00
# Visual Studio Version 16
VisualStudioVersion = 16.0.31005.135
MinimumVisualStudioVersion = 10.0.40219.1
Project("{FAE04EC0-301F-11D3-BF4B-00C04F79EFBC}") = "LR4", "LR4.csproj", "{2AD72842-AC3D-47BB-9581-EBEDF08CD396}"
EndProject
Project("{FAE04EC0-301F-11D3-BF4B-00C04F79EFBC}") = "Kerya", "..\Kerya\Kerya.csproj", "{9BC6D2D4-5F10-432C-93E3-455DE8A37F0A}"
EndProject
Project("{FAE04EC0-301F-11D3-BF4B-00C04F79EFBC}") = "training", "..\training\training.csproj", "{ECAA30F5-1CD9-4FA7-BAAB-70F7C70FE921}"
EndProject
Global
	GlobalSection(SolutionConfigurationPlatforms) = preSolution
		Debug|Any CPU = Debug|Any CPU
		Release|Any CPU = Release|Any CPU
	EndGlobalSection
	GlobalSection(ProjectConfigurationPlatforms) = postSolution
		{2AD72842-AC3D-47BB-9581-EBEDF08CD396}.Debug|Any CPU.ActiveCfg = Debug|Any CPU
		{2AD72842-AC3D-47BB-9581-EBEDF08CD396}.Debug|Any CPU.Build.0 = Debug|Any CPU
		{2AD72842-AC3D-47BB-9581-EBEDF08CD396}.Release|Any CPU.ActiveCfg = Release|Any CPU
		{2AD72842-AC3D-47BB-9581-EBEDF08CD396}.Release|Any CPU.Build.0 = Release|Any CPU
		{9BC6D2D4-5F10-432C-93E3-455DE8A37F0A}.Debug|Any CPU.ActiveCfg = Debug|Any CPU
		{9BC6D2D4-5F10-432C-93E3-455DE8A37F0A}.Debug|Any CPU.Build.0 = Debug|Any CPU
		{9BC6D2D4-5F10-432C-93E3-455DE8A37F0A}.Release|Any CPU.ActiveCfg = Release|Any CPU
		{9BC6D2D4-5F10-432C-93E3-455DE8A37F0A}.Release|Any CPU.Build.0 = Release|Any CPU
		{ECAA30F5-1CD9-4FA7-BAAB-70F7C70FE921}.Debug|Any CPU.ActiveCfg = Debug|Any CPU
		{ECAA30F5-1CD9-4FA7-BAAB-70F7C70FE921}.Debug|Any CPU.Build.0 = Debug|Any CPU
		{ECAA30F5-1CD9-4FA7-BAAB-70F7C70FE921}.Release|Any CPU.ActiveCfg = Release|Any CPU
		{ECAA30F5-1CD9-4FA7-BAAB-70F7C70FE921}.Release|Any CPU.Build.0 = Release|Any CPU
	EndGlobalSection
	GlobalSection(SolutionProperties) = preSolution
		HideSolutionNode = FALSE
	EndGlobalSection
	GlobalSection(ExtensibilityGlobals) = postSolution
		SolutionGuid = {BA09D773-1C4F-471B-B38C-C0847B163056}
	EndGlobalSection
EndGlobal
